
Microsoft Visual Studio Solution File, Format Version 12.00
# Visual Studio 15
VisualStudioVersion = 15.0.28307.421
MinimumVisualStudioVersion = 10.0.40219.1
Project("{FAE04EC0-301F-11D3-BF4B-00C04F79EFBC}") = "SpecFlowFirst", "SpecFlowFirst\SpecFlowFirst.csproj", "{461F3EC6-0319-44B0-9FD5-61C16BE97E4E}"
EndProject
Project("{FAE04EC0-301F-11D3-BF4B-00C04F79EFBC}") = "SpecFlow2", "SpecFlow2\SpecFlow2.csproj", "{C8694C29-30E1-4BC1-9450-ED2689E44563}"
EndProject
Global
	GlobalSection(SolutionConfigurationPlatforms) = preSolution
		Debug|Any CPU = Debug|Any CPU
		Release|Any CPU = Release|Any CPU
	EndGlobalSection
	GlobalSection(ProjectConfigurationPlatforms) = postSolution
		{461F3EC6-0319-44B0-9FD5-61C16BE97E4E}.Debug|Any CPU.ActiveCfg = Debug|Any CPU
		{461F3EC6-0319-44B0-9FD5-61C16BE97E4E}.Debug|Any CPU.Build.0 = Debug|Any CPU
		{461F3EC6-0319-44B0-9FD5-61C16BE97E4E}.Release|Any CPU.ActiveCfg = Release|Any CPU
		{461F3EC6-0319-44B0-9FD5-61C16BE97E4E}.Release|Any CPU.Build.0 = Release|Any CPU
		{C8694C29-30E1-4BC1-9450-ED2689E44563}.Debug|Any CPU.ActiveCfg = Debug|Any CPU
		{C8694C29-30E1-4BC1-9450-ED2689E44563}.Debug|Any CPU.Build.0 = Debug|Any CPU
		{C8694C29-30E1-4BC1-9450-ED2689E44563}.Release|Any CPU.ActiveCfg = Release|Any CPU
		{C8694C29-30E1-4BC1-9450-ED2689E44563}.Release|Any CPU.Build.0 = Release|Any CPU
	EndGlobalSection
	GlobalSection(SolutionProperties) = preSolution
		HideSolutionNode = FALSE
	EndGlobalSection
	GlobalSection(ExtensibilityGlobals) = postSolution
		SolutionGuid = {0303A5DB-2541-43C1-BD7E-226BAD412C40}
	EndGlobalSection
EndGlobal
